
Microsoft Visual Studio Solution File, Format Version 12.00
# Visual Studio Version 16
VisualStudioVersion = 16.0.30320.27
MinimumVisualStudioVersion = 10.0.40219.1
Project("{151D2E53-A2C4-4D7D-83FE-D05416EBD58E}") = "SampleAPI-ARM", "SampleAPI-ARM\SampleAPI-ARM.deployproj", "{B5E31C5C-E313-4E9B-BCCB-98300535955A}"
EndProject
Global
	GlobalSection(SolutionConfigurationPlatforms) = preSolution
		Debug|Any CPU = Debug|Any CPU
		Release|Any CPU = Release|Any CPU
	EndGlobalSection
	GlobalSection(ProjectConfigurationPlatforms) = postSolution
		{B5E31C5C-E313-4E9B-BCCB-98300535955A}.Debug|Any CPU.ActiveCfg = Debug|Any CPU
		{B5E31C5C-E313-4E9B-BCCB-98300535955A}.Debug|Any CPU.Build.0 = Debug|Any CPU
		{B5E31C5C-E313-4E9B-BCCB-98300535955A}.Release|Any CPU.ActiveCfg = Release|Any CPU
		{B5E31C5C-E313-4E9B-BCCB-98300535955A}.Release|Any CPU.Build.0 = Release|Any CPU
	EndGlobalSection
	GlobalSection(SolutionProperties) = preSolution
		HideSolutionNode = FALSE
	EndGlobalSection
	GlobalSection(ExtensibilityGlobals) = postSolution
		SolutionGuid = {20B0DF72-0B25-4E14-8CB9-A5994984BE6F}
	EndGlobalSection
EndGlobal
